
Microsoft Visual Studio Solution File, Format Version 12.00
# Visual Studio Version 16
VisualStudioVersion = 16.0.32929.386
MinimumVisualStudioVersion = 10.0.40219.1
Project("{00D1A9C2-B5F0-4AF3-8072-F6C62B433612}") = "AzureDWHFramework_DB", "AzureDWHFramework_DB\AzureDWHFramework_DB.sqlproj", "{279F8ECE-8E33-4FEF-981B-44BEC5737A03}"
EndProject
Project("{9A19103F-16F7-4668-BE54-9A1E7A4F7556}") = "AzureDWHFramework_AzureFunctions", "AzureDWHFramework_AzureFunctions\AzureDWHFramework_AzureFunctions.csproj", "{69A05C8A-E169-4BEC-9121-0789325774B2}"
EndProject
Global
	GlobalSection(SolutionConfigurationPlatforms) = preSolution
		Debug|Any CPU = Debug|Any CPU
		Release|Any CPU = Release|Any CPU
	EndGlobalSection
	GlobalSection(ProjectConfigurationPlatforms) = postSolution
		{279F8ECE-8E33-4FEF-981B-44BEC5737A03}.Debug|Any CPU.ActiveCfg = Debug|Any CPU
		{279F8ECE-8E33-4FEF-981B-44BEC5737A03}.Debug|Any CPU.Build.0 = Debug|Any CPU
		{279F8ECE-8E33-4FEF-981B-44BEC5737A03}.Debug|Any CPU.Deploy.0 = Debug|Any CPU
		{279F8ECE-8E33-4FEF-981B-44BEC5737A03}.Release|Any CPU.ActiveCfg = Release|Any CPU
		{279F8ECE-8E33-4FEF-981B-44BEC5737A03}.Release|Any CPU.Build.0 = Release|Any CPU
		{279F8ECE-8E33-4FEF-981B-44BEC5737A03}.Release|Any CPU.Deploy.0 = Release|Any CPU
		{69A05C8A-E169-4BEC-9121-0789325774B2}.Debug|Any CPU.ActiveCfg = Debug|Any CPU
		{69A05C8A-E169-4BEC-9121-0789325774B2}.Debug|Any CPU.Build.0 = Debug|Any CPU
		{69A05C8A-E169-4BEC-9121-0789325774B2}.Release|Any CPU.ActiveCfg = Release|Any CPU
		{69A05C8A-E169-4BEC-9121-0789325774B2}.Release|Any CPU.Build.0 = Release|Any CPU
	EndGlobalSection
	GlobalSection(SolutionProperties) = preSolution
		HideSolutionNode = FALSE
	EndGlobalSection
	GlobalSection(ExtensibilityGlobals) = postSolution
		SolutionGuid = {8B0B2584-BB2B-44A8-9260-E8B10D7D58E1}
	EndGlobalSection
EndGlobal
